
Microsoft Visual Studio Solution File, Format Version 12.00
# Visual Studio Version 17
VisualStudioVersion = 17.4.33103.184
MinimumVisualStudioVersion = 10.0.40219.1
Project("{FAE04EC0-301F-11D3-BF4B-00C04F79EFBC}") = "Лаба 5", "Лаба 5\Лаба 5.csproj", "{D9EDA3E1-C3A0-4255-9F73-14A98AFE0613}"
EndProject
Global
	GlobalSection(SolutionConfigurationPlatforms) = preSolution
		Debug|Any CPU = Debug|Any CPU
		Release|Any CPU = Release|Any CPU
	EndGlobalSection
	GlobalSection(ProjectConfigurationPlatforms) = postSolution
		{D9EDA3E1-C3A0-4255-9F73-14A98AFE0613}.Debug|Any CPU.ActiveCfg = Debug|Any CPU
		{D9EDA3E1-C3A0-4255-9F73-14A98AFE0613}.Debug|Any CPU.Build.0 = Debug|Any CPU
		{D9EDA3E1-C3A0-4255-9F73-14A98AFE0613}.Release|Any CPU.ActiveCfg = Release|Any CPU
		{D9EDA3E1-C3A0-4255-9F73-14A98AFE0613}.Release|Any CPU.Build.0 = Release|Any CPU
	EndGlobalSection
	GlobalSection(SolutionProperties) = preSolution
		HideSolutionNode = FALSE
	EndGlobalSection
	GlobalSection(ExtensibilityGlobals) = postSolution
		SolutionGuid = {4B80C982-5058-4DB5-BB2C-D40BB30C6293}
	EndGlobalSection
EndGlobal
